
Microsoft Visual Studio Solution File, Format Version 12.00
# Visual Studio Version 17
VisualStudioVersion = 17.4.33213.308
MinimumVisualStudioVersion = 10.0.40219.1
Project("{FAE04EC0-301F-11D3-BF4B-00C04F79EFBC}") = "dictionaryExerProposto", "dictionaryExerProposto\dictionaryExerProposto.csproj", "{4DAB7659-CC9E-43CB-969D-FFA1B332BFE3}"
EndProject
Global
	GlobalSection(SolutionConfigurationPlatforms) = preSolution
		Debug|Any CPU = Debug|Any CPU
		Release|Any CPU = Release|Any CPU
	EndGlobalSection
	GlobalSection(ProjectConfigurationPlatforms) = postSolution
		{4DAB7659-CC9E-43CB-969D-FFA1B332BFE3}.Debug|Any CPU.ActiveCfg = Debug|Any CPU
		{4DAB7659-CC9E-43CB-969D-FFA1B332BFE3}.Debug|Any CPU.Build.0 = Debug|Any CPU
		{4DAB7659-CC9E-43CB-969D-FFA1B332BFE3}.Release|Any CPU.ActiveCfg = Release|Any CPU
		{4DAB7659-CC9E-43CB-969D-FFA1B332BFE3}.Release|Any CPU.Build.0 = Release|Any CPU
	EndGlobalSection
	GlobalSection(SolutionProperties) = preSolution
		HideSolutionNode = FALSE
	EndGlobalSection
	GlobalSection(ExtensibilityGlobals) = postSolution
		SolutionGuid = {7F7DAB3E-4706-4C67-AE4F-5333AE9B8CFB}
	EndGlobalSection
EndGlobal
